// !$*UTF8*$!
{
	archiveVersion = 1;
	classes = {
	};
	objectVersion = 51;
	objects = {

/* Begin PBXBuildFile section */
		141615FA253C958100068FC4 /* AppDelegate.swift in Sources */ = {isa = PBXBuildFile; fileRef = 141615F9253C958100068FC4 /* AppDelegate.swift */; };
		141615FC253C958100068FC4 /* SceneDelegate.swift in Sources */ = {isa = PBXBuildFile; fileRef = 141615FB253C958100068FC4 /* SceneDelegate.swift */; };
		14161601253C958100068FC4 /* Main.storyboard in Resources */ = {isa = PBXBuildFile; fileRef = 141615FF253C958100068FC4 /* Main.storyboard */; };
		14161603253C958B00068FC4 /* Assets.xcassets in Resources */ = {isa = PBXBuildFile; fileRef = 14161602253C958B00068FC4 /* Assets.xcassets */; };
		14161606253C958B00068FC4 /* LaunchScreen.storyboard in Resources */ = {isa = PBXBuildFile; fileRef = 14161604253C958B00068FC4 /* LaunchScreen.storyboard */; };
		14161611253C958B00068FC4 /* DigitalPhotographerTests.swift in Sources */ = {isa = PBXBuildFile; fileRef = 14161610253C958B00068FC4 /* DigitalPhotographerTests.swift */; };
		145AF1A3253CA39500167A9F /* LauncherVC.swift in Sources */ = {isa = PBXBuildFile; fileRef = 145AF1A2253CA39500167A9F /* LauncherVC.swift */; };
		145AF1A7253CA3FA00167A9F /* HomeVC.swift in Sources */ = {isa = PBXBuildFile; fileRef = 145AF1A6253CA3FA00167A9F /* HomeVC.swift */; };
		145AF1A9253CA42500167A9F /* FavoritesVC.swift in Sources */ = {isa = PBXBuildFile; fileRef = 145AF1A8253CA42500167A9F /* FavoritesVC.swift */; };
		145AF1AB253CA45300167A9F /* PhotoVC.swift in Sources */ = {isa = PBXBuildFile; fileRef = 145AF1AA253CA45300167A9F /* PhotoVC.swift */; };
		145AF1AD253CA4E900167A9F /* UserVC.swift in Sources */ = {isa = PBXBuildFile; fileRef = 145AF1AC253CA4E900167A9F /* UserVC.swift */; };
		145AF1BD253CDDCB00167A9F /* UnsplashKeys.swift in Sources */ = {isa = PBXBuildFile; fileRef = 145AF1BC253CDDCB00167A9F /* UnsplashKeys.swift */; };
		145AF1BF253CDEC000167A9F /* UIView+ContainedView.swift in Sources */ = {isa = PBXBuildFile; fileRef = 145AF1BE253CDEC000167A9F /* UIView+ContainedView.swift */; };
		145AF1C2253CDFB400167A9F /* UnsplashAPIHandler.swift in Sources */ = {isa = PBXBuildFile; fileRef = 145AF1C1253CDFB400167A9F /* UnsplashAPIHandler.swift */; };
		145AF1C5253CE3BE00167A9F /* NetworkRequests.swift in Sources */ = {isa = PBXBuildFile; fileRef = 145AF1C4253CE3BE00167A9F /* NetworkRequests.swift */; };
		145AF1C8253CE4D700167A9F /* Photos.swift in Sources */ = {isa = PBXBuildFile; fileRef = 145AF1C7253CE4D700167A9F /* Photos.swift */; };
		145AF1CA253CE5FA00167A9F /* ModelHelpers.swift in Sources */ = {isa = PBXBuildFile; fileRef = 145AF1C9253CE5FA00167A9F /* ModelHelpers.swift */; };
		146FE5632545F71100E603CD /* UserProfile.swift in Sources */ = {isa = PBXBuildFile; fileRef = 146FE5622545F71100E603CD /* UserProfile.swift */; };
		146FE567254601C400E603CD /* PhotoStatistics.swift in Sources */ = {isa = PBXBuildFile; fileRef = 146FE566254601C300E603CD /* PhotoStatistics.swift */; };
		146FE56A25461D3A00E603CD /* SimplePhotoTableCell.swift in Sources */ = {isa = PBXBuildFile; fileRef = 146FE56825461D3A00E603CD /* SimplePhotoTableCell.swift */; };
		146FE56B25461D3A00E603CD /* SimplePhotoTableCell.xib in Resources */ = {isa = PBXBuildFile; fileRef = 146FE56925461D3A00E603CD /* SimplePhotoTableCell.xib */; };
		146FE56D25461FFF00E603CD /* UserPhotos.swift in Sources */ = {isa = PBXBuildFile; fileRef = 146FE56C25461FFF00E603CD /* UserPhotos.swift */; };
		146FE56F2546282900E603CD /* HUD.swift in Sources */ = {isa = PBXBuildFile; fileRef = 146FE56E2546282900E603CD /* HUD.swift */; };
		14CFEA2E253F05730000C830 /* UIImage+Decoding.swift in Sources */ = {isa = PBXBuildFile; fileRef = 14CFEA2D253F05730000C830 /* UIImage+Decoding.swift */; };
		14CFEA32253F10C30000C830 /* UIImageView+Presentation.swift in Sources */ = {isa = PBXBuildFile; fileRef = 14CFEA31253F10C30000C830 /* UIImageView+Presentation.swift */; };
		14E7D37A254061CD00645138 /* Favorite.swift in Sources */ = {isa = PBXBuildFile; fileRef = 14E7D379254061CD00645138 /* Favorite.swift */; };
		14FF061E253DAEED003BE749 /* PhotoTableCell.swift in Sources */ = {isa = PBXBuildFile; fileRef = 14FF061C253DAEED003BE749 /* PhotoTableCell.swift */; };
		14FF061F253DAEED003BE749 /* PhotoTableCell.xib in Resources */ = {isa = PBXBuildFile; fileRef = 14FF061D253DAEED003BE749 /* PhotoTableCell.xib */; };
		14FF0621253DB40A003BE749 /* UIImageView+Download.swift in Sources */ = {isa = PBXBuildFile; fileRef = 14FF0620253DB40A003BE749 /* UIImageView+Download.swift */; };
		3D309DB9D546330C1B7A90E7 /* Pods_DigitalPhotographer.framework in Frameworks */ = {isa = PBXBuildFile; fileRef = 8C96589FDC9CE92326785328 /* Pods_DigitalPhotographer.framework */; };
		E9983A8DE757452BDB8D496C /* Pods_DigitalPhotographerTests.framework in Frameworks */ = {isa = PBXBuildFile; fileRef = 472C271B594F981F210EA0BF /* Pods_DigitalPhotographerTests.framework */; };
/* End PBXBuildFile section */

/* Begin PBXContainerItemProxy section */
		1416160D253C958B00068FC4 /* PBXContainerItemProxy */ = {
			isa = PBXContainerItemProxy;
			containerPortal = 141615EE253C958100068FC4 /* Project object */;
			proxyType = 1;
			remoteGlobalIDString = 141615F5253C958100068FC4;
			remoteInfo = DigitalPhotographer;
		};
/* End PBXContainerItemProxy section */

/* Begin PBXFileReference section */
		0FFF64984A45E0A5A5A20F37 /* Pods-DigitalPhotographerTests.debug.xcconfig */ = {isa = PBXFileReference; includeInIndex = 1; lastKnownFileType = text.xcconfig; name = "Pods-DigitalPhotographerTests.debug.xcconfig"; path = "Target Support Files/Pods-DigitalPhotographerTests/Pods-DigitalPhotographerTests.debug.xcconfig"; sourceTree = "<group>"; };
		141615F6253C958100068FC4 /* DigitalPhotographer.app */ = {isa = PBXFileReference; explicitFileType = wrapper.application; includeInIndex = 0; path = DigitalPhotographer.app; sourceTree = BUILT_PRODUCTS_DIR; };
		141615F9253C958100068FC4 /* AppDelegate.swift */ = {isa = PBXFileReference; lastKnownFileType = sourcecode.swift; path = AppDelegate.swift; sourceTree = "<group>"; };
		141615FB253C958100068FC4 /* SceneDelegate.swift */ = {isa = PBXFileReference; lastKnownFileType = sourcecode.swift; path = SceneDelegate.swift; sourceTree = "<group>"; };
		14161600253C958100068FC4 /* Base */ = {isa = PBXFileReference; lastKnownFileType = file.storyboard; name = Base; path = Base.lproj/Main.storyboard; sourceTree = "<group>"; };
		14161602253C958B00068FC4 /* Assets.xcassets */ = {isa = PBXFileReference; lastKnownFileType = folder.assetcatalog; path = Assets.xcassets; sourceTree = "<group>"; };
		14161605253C958B00068FC4 /* Base */ = {isa = PBXFileReference; lastKnownFileType = file.storyboard; name = Base; path = Base.lproj/LaunchScreen.storyboard; sourceTree = "<group>"; };
		14161607253C958B00068FC4 /* Info.plist */ = {isa = PBXFileReference; lastKnownFileType = text.plist.xml; path = Info.plist; sourceTree = "<group>"; };
		1416160C253C958B00068FC4 /* DigitalPhotographerTests.xctest */ = {isa = PBXFileReference; explicitFileType = wrapper.cfbundle; includeInIndex = 0; path = DigitalPhotographerTests.xctest; sourceTree = BUILT_PRODUCTS_DIR; };
		14161610253C958B00068FC4 /* DigitalPhotographerTests.swift */ = {isa = PBXFileReference; lastKnownFileType = sourcecode.swift; path = DigitalPhotographerTests.swift; sourceTree = "<group>"; };
		14161612253C958B00068FC4 /* Info.plist */ = {isa = PBXFileReference; lastKnownFileType = text.plist.xml; path = Info.plist; sourceTree = "<group>"; };
		145AF1A2253CA39500167A9F /* LauncherVC.swift */ = {isa = PBXFileReference; lastKnownFileType = sourcecode.swift; path = LauncherVC.swift; sourceTree = "<group>"; };
		145AF1A6253CA3FA00167A9F /* HomeVC.swift */ = {isa = PBXFileReference; lastKnownFileType = sourcecode.swift; path = HomeVC.swift; sourceTree = "<group>"; };
		145AF1A8253CA42500167A9F /* FavoritesVC.swift */ = {isa = PBXFileReference; lastKnownFileType = sourcecode.swift; path = FavoritesVC.swift; sourceTree = "<group>"; };
		145AF1AA253CA45300167A9F /* PhotoVC.swift */ = {isa = PBXFileReference; lastKnownFileType = sourcecode.swift; path = PhotoVC.swift; sourceTree = "<group>"; };
		145AF1AC253CA4E900167A9F /* UserVC.swift */ = {isa = PBXFileReference; lastKnownFileType = sourcecode.swift; path = UserVC.swift; sourceTree = "<group>"; };
		145AF1BC253CDDCB00167A9F /* UnsplashKeys.swift */ = {isa = PBXFileReference; lastKnownFileType = sourcecode.swift; path = UnsplashKeys.swift; sourceTree = "<group>"; };
		145AF1BE253CDEC000167A9F /* UIView+ContainedView.swift */ = {isa = PBXFileReference; lastKnownFileType = sourcecode.swift; path = "UIView+ContainedView.swift"; sourceTree = "<group>"; };
		145AF1C1253CDFB400167A9F /* UnsplashAPIHandler.swift */ = {isa = PBXFileReference; lastKnownFileType = sourcecode.swift; path = UnsplashAPIHandler.swift; sourceTree = "<group>"; };
		145AF1C4253CE3BE00167A9F /* NetworkRequests.swift */ = {isa = PBXFileReference; lastKnownFileType = sourcecode.swift; path = NetworkRequests.swift; sourceTree = "<group>"; };
		145AF1C7253CE4D700167A9F /* Photos.swift */ = {isa = PBXFileReference; lastKnownFileType = sourcecode.swift; path = Photos.swift; sourceTree = "<group>"; };
		145AF1C9253CE5FA00167A9F /* ModelHelpers.swift */ = {isa = PBXFileReference; lastKnownFileType = sourcecode.swift; path = ModelHelpers.swift; sourceTree = "<group>"; };
		146FE5622545F71100E603CD /* UserProfile.swift */ = {isa = PBXFileReference; lastKnownFileType = sourcecode.swift; path = UserProfile.swift; sourceTree = "<group>"; };
		146FE566254601C300E603CD /* PhotoStatistics.swift */ = {isa = PBXFileReference; lastKnownFileType = sourcecode.swift; path = PhotoStatistics.swift; sourceTree = "<group>"; };
		146FE56825461D3A00E603CD /* SimplePhotoTableCell.swift */ = {isa = PBXFileReference; lastKnownFileType = sourcecode.swift; path = SimplePhotoTableCell.swift; sourceTree = "<group>"; };
		146FE56925461D3A00E603CD /* SimplePhotoTableCell.xib */ = {isa = PBXFileReference; lastKnownFileType = file.xib; path = SimplePhotoTableCell.xib; sourceTree = "<group>"; };
		146FE56C25461FFF00E603CD /* UserPhotos.swift */ = {isa = PBXFileReference; lastKnownFileType = sourcecode.swift; path = UserPhotos.swift; sourceTree = "<group>"; };
		146FE56E2546282900E603CD /* HUD.swift */ = {isa = PBXFileReference; lastKnownFileType = sourcecode.swift; path = HUD.swift; sourceTree = "<group>"; };
		14CFEA2D253F05730000C830 /* UIImage+Decoding.swift */ = {isa = PBXFileReference; lastKnownFileType = sourcecode.swift; path = "UIImage+Decoding.swift"; sourceTree = "<group>"; };
		14CFEA31253F10C30000C830 /* UIImageView+Presentation.swift */ = {isa = PBXFileReference; lastKnownFileType = sourcecode.swift; path = "UIImageView+Presentation.swift"; sourceTree = "<group>"; };
		14E7D379254061CD00645138 /* Favorite.swift */ = {isa = PBXFileReference; lastKnownFileType = sourcecode.swift; path = Favorite.swift; sourceTree = "<group>"; };
		14FF061C253DAEED003BE749 /* PhotoTableCell.swift */ = {isa = PBXFileReference; lastKnownFileType = sourcecode.swift; path = PhotoTableCell.swift; sourceTree = "<group>"; };
		14FF061D253DAEED003BE749 /* PhotoTableCell.xib */ = {isa = PBXFileReference; lastKnownFileType = file.xib; path = PhotoTableCell.xib; sourceTree = "<group>"; };
		14FF0620253DB40A003BE749 /* UIImageView+Download.swift */ = {isa = PBXFileReference; lastKnownFileType = sourcecode.swift; path = "UIImageView+Download.swift"; sourceTree = "<group>"; };
		472C271B594F981F210EA0BF /* Pods_DigitalPhotographerTests.framework */ = {isa = PBXFileReference; explicitFileType = wrapper.framework; includeInIndex = 0; path = Pods_DigitalPhotographerTests.framework; sourceTree = BUILT_PRODUCTS_DIR; };
		635357DDC0A181DBD3293D2A /* Pods-DigitalPhotographer.release.xcconfig */ = {isa = PBXFileReference; includeInIndex = 1; lastKnownFileType = text.xcconfig; name = "Pods-DigitalPhotographer.release.xcconfig"; path = "Target Support Files/Pods-DigitalPhotographer/Pods-DigitalPhotographer.release.xcconfig"; sourceTree = "<group>"; };
		71DC7C5FA5ADF67922E485A1 /* Pods-DigitalPhotographerTests.release.xcconfig */ = {isa = PBXFileReference; includeInIndex = 1; lastKnownFileType = text.xcconfig; name = "Pods-DigitalPhotographerTests.release.xcconfig"; path = "Target Support Files/Pods-DigitalPhotographerTests/Pods-DigitalPhotographerTests.release.xcconfig"; sourceTree = "<group>"; };
		8C96589FDC9CE92326785328 /* Pods_DigitalPhotographer.framework */ = {isa = PBXFileReference; explicitFileType = wrapper.framework; includeInIndex = 0; path = Pods_DigitalPhotographer.framework; sourceTree = BUILT_PRODUCTS_DIR; };
		F07F577407DEE2F01276929B /* Pods-DigitalPhotographer.debug.xcconfig */ = {isa = PBXFileReference; includeInIndex = 1; lastKnownFileType = text.xcconfig; name = "Pods-DigitalPhotographer.debug.xcconfig"; path = "Target Support Files/Pods-DigitalPhotographer/Pods-DigitalPhotographer.debug.xcconfig"; sourceTree = "<group>"; };
/* End PBXFileReference section */

/* Begin PBXFrameworksBuildPhase section */
		141615F3253C958100068FC4 /* Frameworks */ = {
			isa = PBXFrameworksBuildPhase;
			buildActionMask = 2147483647;
			files = (
				3D309DB9D546330C1B7A90E7 /* Pods_DigitalPhotographer.framework in Frameworks */,
			);
			runOnlyForDeploymentPostprocessing = 0;
		};
		14161609253C958B00068FC4 /* Frameworks */ = {
			isa = PBXFrameworksBuildPhase;
			buildActionMask = 2147483647;
			files = (
				E9983A8DE757452BDB8D496C /* Pods_DigitalPhotographerTests.framework in Frameworks */,
			);
			runOnlyForDeploymentPostprocessing = 0;
		};
/* End PBXFrameworksBuildPhase section */

/* Begin PBXGroup section */
		10D1F7A28694DCD504C5AE21 /* Frameworks */ = {
			isa = PBXGroup;
			children = (
				8C96589FDC9CE92326785328 /* Pods_DigitalPhotographer.framework */,
				472C271B594F981F210EA0BF /* Pods_DigitalPhotographerTests.framework */,
			);
			name = Frameworks;
			sourceTree = "<group>";
		};
		141615ED253C958100068FC4 = {
			isa = PBXGroup;
			children = (
				141615F8253C958100068FC4 /* DigitalPhotographer */,
				1416160F253C958B00068FC4 /* DigitalPhotographerTests */,
				141615F7253C958100068FC4 /* Products */,
				1DD247DC3B7B39ED9048B685 /* Pods */,
				10D1F7A28694DCD504C5AE21 /* Frameworks */,
			);
			sourceTree = "<group>";
		};
		141615F7253C958100068FC4 /* Products */ = {
			isa = PBXGroup;
			children = (
				141615F6253C958100068FC4 /* DigitalPhotographer.app */,
				1416160C253C958B00068FC4 /* DigitalPhotographerTests.xctest */,
			);
			name = Products;
			sourceTree = "<group>";
		};
		141615F8253C958100068FC4 /* DigitalPhotographer */ = {
			isa = PBXGroup;
			children = (
				14E7D3772540619B00645138 /* Persistence */,
				145AF1C0253CDF9C00167A9F /* Networking */,
				145AF1BB253CDCDE00167A9F /* Extensions */,
				145AF1A5253CA3AA00167A9F /* Views */,
				145AF1A4253CA39D00167A9F /* Controllers */,
				141615F9253C958100068FC4 /* AppDelegate.swift */,
				141615FB253C958100068FC4 /* SceneDelegate.swift */,
				14161602253C958B00068FC4 /* Assets.xcassets */,
				14161607253C958B00068FC4 /* Info.plist */,
				145AF1BC253CDDCB00167A9F /* UnsplashKeys.swift */,
				146FE56E2546282900E603CD /* HUD.swift */,
			);
			path = DigitalPhotographer;
			sourceTree = "<group>";
		};
		1416160F253C958B00068FC4 /* DigitalPhotographerTests */ = {
			isa = PBXGroup;
			children = (
				14161610253C958B00068FC4 /* DigitalPhotographerTests.swift */,
				14161612253C958B00068FC4 /* Info.plist */,
			);
			path = DigitalPhotographerTests;
			sourceTree = "<group>";
		};
		145AF1A4253CA39D00167A9F /* Controllers */ = {
			isa = PBXGroup;
			children = (
				145AF1A2253CA39500167A9F /* LauncherVC.swift */,
				145AF1A6253CA3FA00167A9F /* HomeVC.swift */,
				145AF1A8253CA42500167A9F /* FavoritesVC.swift */,
				145AF1AA253CA45300167A9F /* PhotoVC.swift */,
				145AF1AC253CA4E900167A9F /* UserVC.swift */,
			);
			path = Controllers;
			sourceTree = "<group>";
		};
		145AF1A5253CA3AA00167A9F /* Views */ = {
			isa = PBXGroup;
			children = (
				145AF1AE253CA92300167A9F /* Content */,
				14161604253C958B00068FC4 /* LaunchScreen.storyboard */,
				141615FF253C958100068FC4 /* Main.storyboard */,
			);
			path = Views;
			sourceTree = "<group>";
		};
		145AF1AE253CA92300167A9F /* Content */ = {
			isa = PBXGroup;
			children = (
				14FF061C253DAEED003BE749 /* PhotoTableCell.swift */,
				14FF061D253DAEED003BE749 /* PhotoTableCell.xib */,
				146FE56825461D3A00E603CD /* SimplePhotoTableCell.swift */,
				146FE56925461D3A00E603CD /* SimplePhotoTableCell.xib */,
			);
			path = Content;
			sourceTree = "<group>";
		};
		145AF1BB253CDCDE00167A9F /* Extensions */ = {
			isa = PBXGroup;
			children = (
				14CFEA2D253F05730000C830 /* UIImage+Decoding.swift */,
				145AF1BE253CDEC000167A9F /* UIView+ContainedView.swift */,
				14FF0620253DB40A003BE749 /* UIImageView+Download.swift */,
				14CFEA31253F10C30000C830 /* UIImageView+Presentation.swift */,
			);
			path = Extensions;
			sourceTree = "<group>";
		};
		145AF1C0253CDF9C00167A9F /* Networking */ = {
			isa = PBXGroup;
			children = (
				145AF1C6253CE48500167A9F /* Model */,
				145AF1C1253CDFB400167A9F /* UnsplashAPIHandler.swift */,
				145AF1C4253CE3BE00167A9F /* NetworkRequests.swift */,
			);
			path = Networking;
			sourceTree = "<group>";
		};
		145AF1C6253CE48500167A9F /* Model */ = {
			isa = PBXGroup;
			children = (
				145AF1C7253CE4D700167A9F /* Photos.swift */,
				146FE5622545F71100E603CD /* UserProfile.swift */,
				146FE566254601C300E603CD /* PhotoStatistics.swift */,
				146FE56C25461FFF00E603CD /* UserPhotos.swift */,
				145AF1C9253CE5FA00167A9F /* ModelHelpers.swift */,
			);
			path = Model;
			sourceTree = "<group>";
		};
		14E7D3772540619B00645138 /* Persistence */ = {
			isa = PBXGroup;
			children = (
				14E7D378254061BB00645138 /* Model */,
			);
			path = Persistence;
			sourceTree = "<group>";
		};
		14E7D378254061BB00645138 /* Model */ = {
			isa = PBXGroup;
			children = (
				14E7D379254061CD00645138 /* Favorite.swift */,
			);
			path = Model;
			sourceTree = "<group>";
		};
		1DD247DC3B7B39ED9048B685 /* Pods */ = {
			isa = PBXGroup;
			children = (
				F07F577407DEE2F01276929B /* Pods-DigitalPhotographer.debug.xcconfig */,
				635357DDC0A181DBD3293D2A /* Pods-DigitalPhotographer.release.xcconfig */,
				0FFF64984A45E0A5A5A20F37 /* Pods-DigitalPhotographerTests.debug.xcconfig */,
				71DC7C5FA5ADF67922E485A1 /* Pods-DigitalPhotographerTests.release.xcconfig */,
			);
			path = Pods;
			sourceTree = "<group>";
		};
/* End PBXGroup section */

/* Begin PBXNativeTarget section */
		141615F5253C958100068FC4 /* DigitalPhotographer */ = {
			isa = PBXNativeTarget;
			buildConfigurationList = 14161615253C958B00068FC4 /* Build configuration list for PBXNativeTarget "DigitalPhotographer" */;
			buildPhases = (
				318E36870B5F030072676E44 /* [CP] Check Pods Manifest.lock */,
				141615F2253C958100068FC4 /* Sources */,
				141615F3253C958100068FC4 /* Frameworks */,
				141615F4253C958100068FC4 /* Resources */,
				E102D0C16AEEA4BA7EA9CEBC /* [CP] Embed Pods Frameworks */,
			);
			buildRules = (
			);
			dependencies = (
			);
			name = DigitalPhotographer;
			productName = DigitalPhotographer;
			productReference = 141615F6253C958100068FC4 /* DigitalPhotographer.app */;
			productType = "com.apple.product-type.application";
		};
		1416160B253C958B00068FC4 /* DigitalPhotographerTests */ = {
			isa = PBXNativeTarget;
			buildConfigurationList = 14161618253C958B00068FC4 /* Build configuration list for PBXNativeTarget "DigitalPhotographerTests" */;
			buildPhases = (
				4E156C1AD932A763FD865D7D /* [CP] Check Pods Manifest.lock */,
				14161608253C958B00068FC4 /* Sources */,
				14161609253C958B00068FC4 /* Frameworks */,
				1416160A253C958B00068FC4 /* Resources */,
			);
			buildRules = (
			);
			dependencies = (
				1416160E253C958B00068FC4 /* PBXTargetDependency */,
			);
			name = DigitalPhotographerTests;
			productName = DigitalPhotographerTests;
			productReference = 1416160C253C958B00068FC4 /* DigitalPhotographerTests.xctest */;
			productType = "com.apple.product-type.bundle.unit-test";
		};
/* End PBXNativeTarget section */

/* Begin PBXProject section */
		141615EE253C958100068FC4 /* Project object */ = {
			isa = PBXProject;
			attributes = {
				LastSwiftUpdateCheck = 1120;
				LastUpgradeCheck = 1120;
				ORGANIZATIONNAME = arbridev;
				TargetAttributes = {
					141615F5253C958100068FC4 = {
						CreatedOnToolsVersion = 11.2.1;
					};
					1416160B253C958B00068FC4 = {
						CreatedOnToolsVersion = 11.2.1;
						TestTargetID = 141615F5253C958100068FC4;
					};
				};
			};
			buildConfigurationList = 141615F1253C958100068FC4 /* Build configuration list for PBXProject "DigitalPhotographer" */;
			compatibilityVersion = "Xcode 9.3";
			developmentRegion = en;
			hasScannedForEncodings = 0;
			knownRegions = (
				en,
				Base,
			);
			mainGroup = 141615ED253C958100068FC4;
			productRefGroup = 141615F7253C958100068FC4 /* Products */;
			projectDirPath = "";
			projectRoot = "";
			targets = (
				141615F5253C958100068FC4 /* DigitalPhotographer */,
				1416160B253C958B00068FC4 /* DigitalPhotographerTests */,
			);
		};
/* End PBXProject section */

/* Begin PBXResourcesBuildPhase section */
		141615F4253C958100068FC4 /* Resources */ = {
			isa = PBXResourcesBuildPhase;
			buildActionMask = 2147483647;
			files = (
				14FF061F253DAEED003BE749 /* PhotoTableCell.xib in Resources */,
				14161606253C958B00068FC4 /* LaunchScreen.storyboard in Resources */,
				14161603253C958B00068FC4 /* Assets.xcassets in Resources */,
				146FE56B25461D3A00E603CD /* SimplePhotoTableCell.xib in Resources */,
				14161601253C958100068FC4 /* Main.storyboard in Resources */,
			);
			runOnlyForDeploymentPostprocessing = 0;
		};
		1416160A253C958B00068FC4 /* Resources */ = {
			isa = PBXResourcesBuildPhase;
			buildActionMask = 2147483647;
			files = (
			);
			runOnlyForDeploymentPostprocessing = 0;
		};
/* End PBXResourcesBuildPhase section */

/* Begin PBXShellScriptBuildPhase section */
		318E36870B5F030072676E44 /* [CP] Check Pods Manifest.lock */ = {
			isa = PBXShellScriptBuildPhase;
			buildActionMask = 2147483647;
			files = (
			);
			inputFileListPaths = (
			);
			inputPaths = (
				"${PODS_PODFILE_DIR_PATH}/Podfile.lock",
				"${PODS_ROOT}/Manifest.lock",
			);
			name = "[CP] Check Pods Manifest.lock";
			outputFileListPaths = (
			);
			outputPaths = (
				"$(DERIVED_FILE_DIR)/Pods-DigitalPhotographer-checkManifestLockResult.txt",
			);
			runOnlyForDeploymentPostprocessing = 0;
			shellPath = /bin/sh;
			shellScript = "diff \"${PODS_PODFILE_DIR_PATH}/Podfile.lock\" \"${PODS_ROOT}/Manifest.lock\" > /dev/null\nif [ $? != 0 ] ; then\n    # print error to STDERR\n    echo \"error: The sandbox is not in sync with the Podfile.lock. Run 'pod install' or update your CocoaPods installation.\" >&2\n    exit 1\nfi\n# This output is used by Xcode 'outputs' to avoid re-running this script phase.\necho \"SUCCESS\" > \"${SCRIPT_OUTPUT_FILE_0}\"\n";
			showEnvVarsInLog = 0;
		};
		4E156C1AD932A763FD865D7D /* [CP] Check Pods Manifest.lock */ = {
			isa = PBXShellScriptBuildPhase;
			buildActionMask = 2147483647;
			files = (
			);
			inputFileListPaths = (
			);
			inputPaths = (
				"${PODS_PODFILE_DIR_PATH}/Podfile.lock",
				"${PODS_ROOT}/Manifest.lock",
			);
			name = "[CP] Check Pods Manifest.lock";
			outputFileListPaths = (
			);
			outputPaths = (
				"$(DERIVED_FILE_DIR)/Pods-DigitalPhotographerTests-checkManifestLockResult.txt",
			);
			runOnlyForDeploymentPostprocessing = 0;
			shellPath = /bin/sh;
			shellScript = "diff \"${PODS_PODFILE_DIR_PATH}/Podfile.lock\" \"${PODS_ROOT}/Manifest.lock\" > /dev/null\nif [ $? != 0 ] ; then\n    # print error to STDERR\n    echo \"error: The sandbox is not in sync with the Podfile.lock. Run 'pod install' or update your CocoaPods installation.\" >&2\n    exit 1\nfi\n# This output is used by Xcode 'outputs' to avoid re-running this script phase.\necho \"SUCCESS\" > \"${SCRIPT_OUTPUT_FILE_0}\"\n";
			showEnvVarsInLog = 0;
		};
		E102D0C16AEEA4BA7EA9CEBC /* [CP] Embed Pods Frameworks */ = {
			isa = PBXShellScriptBuildPhase;
			buildActionMask = 2147483647;
			files = (
			);
			inputFileListPaths = (
				"${PODS_ROOT}/Target Support Files/Pods-DigitalPhotographer/Pods-DigitalPhotographer-frameworks-${CONFIGURATION}-input-files.xcfilelist",
			);
			name = "[CP] Embed Pods Frameworks";
			outputFileListPaths = (
				"${PODS_ROOT}/Target Support Files/Pods-DigitalPhotographer/Pods-DigitalPhotographer-frameworks-${CONFIGURATION}-output-files.xcfilelist",
			);
			runOnlyForDeploymentPostprocessing = 0;
			shellPath = /bin/sh;
			shellScript = "\"${PODS_ROOT}/Target Support Files/Pods-DigitalPhotographer/Pods-DigitalPhotographer-frameworks.sh\"\n";
			showEnvVarsInLog = 0;
		};
/* End PBXShellScriptBuildPhase section */

/* Begin PBXSourcesBuildPhase section */
		141615F2253C958100068FC4 /* Sources */ = {
			isa = PBXSourcesBuildPhase;
			buildActionMask = 2147483647;
			files = (
				14FF061E253DAEED003BE749 /* PhotoTableCell.swift in Sources */,
				145AF1A7253CA3FA00167A9F /* HomeVC.swift in Sources */,
				145AF1A9253CA42500167A9F /* FavoritesVC.swift in Sources */,
				145AF1BD253CDDCB00167A9F /* UnsplashKeys.swift in Sources */,
				141615FA253C958100068FC4 /* AppDelegate.swift in Sources */,
				146FE567254601C400E603CD /* PhotoStatistics.swift in Sources */,
				14FF0621253DB40A003BE749 /* UIImageView+Download.swift in Sources */,
				145AF1C2253CDFB400167A9F /* UnsplashAPIHandler.swift in Sources */,
				145AF1C8253CE4D700167A9F /* Photos.swift in Sources */,
				145AF1A3253CA39500167A9F /* LauncherVC.swift in Sources */,
				146FE56A25461D3A00E603CD /* SimplePhotoTableCell.swift in Sources */,
				141615FC253C958100068FC4 /* SceneDelegate.swift in Sources */,
				14E7D37A254061CD00645138 /* Favorite.swift in Sources */,
				146FE56D25461FFF00E603CD /* UserPhotos.swift in Sources */,
				146FE56F2546282900E603CD /* HUD.swift in Sources */,
				14CFEA32253F10C30000C830 /* UIImageView+Presentation.swift in Sources */,
				145AF1CA253CE5FA00167A9F /* ModelHelpers.swift in Sources */,
				145AF1C5253CE3BE00167A9F /* NetworkRequests.swift in Sources */,
				145AF1AB253CA45300167A9F /* PhotoVC.swift in Sources */,
				145AF1AD253CA4E900167A9F /* UserVC.swift in Sources */,
				145AF1BF253CDEC000167A9F /* UIView+ContainedView.swift in Sources */,
				14CFEA2E253F05730000C830 /* UIImage+Decoding.swift in Sources */,
				146FE5632545F71100E603CD /* UserProfile.swift in Sources */,
			);
			runOnlyForDeploymentPostprocessing = 0;
		};
		14161608253C958B00068FC4 /* Sources */ = {
			isa = PBXSourcesBuildPhase;
			buildActionMask = 2147483647;
			files = (
				14161611253C958B00068FC4 /* DigitalPhotographerTests.swift in Sources */,
			);
			runOnlyForDeploymentPostprocessing = 0;
		};
/* End PBXSourcesBuildPhase section */

/* Begin PBXTargetDependency section */
		1416160E253C958B00068FC4 /* PBXTargetDependency */ = {
			isa = PBXTargetDependency;
			target = 141615F5253C958100068FC4 /* DigitalPhotographer */;
			targetProxy = 1416160D253C958B00068FC4 /* PBXContainerItemProxy */;
		};
/* End PBXTargetDependency section */

/* Begin PBXVariantGroup section */
		141615FF253C958100068FC4 /* Main.storyboard */ = {
			isa = PBXVariantGroup;
			children = (
				14161600253C958100068FC4 /* Base */,
			);
			name = Main.storyboard;
			sourceTree = "<group>";
		};
		14161604253C958B00068FC4 /* LaunchScreen.storyboard */ = {
			isa = PBXVariantGroup;
			children = (
				14161605253C958B00068FC4 /* Base */,
			);
			name = LaunchScreen.storyboard;
			sourceTree = "<group>";
		};
/* End PBXVariantGroup section */

/* Begin XCBuildConfiguration section */
		14161613253C958B00068FC4 /* Debug */ = {
			isa = XCBuildConfiguration;
			buildSettings = {
				ALWAYS_SEARCH_USER_PATHS = NO;
				CLANG_ANALYZER_NONNULL = YES;
				CLANG_ANALYZER_NUMBER_OBJECT_CONVERSION = YES_AGGRESSIVE;
				CLANG_CXX_LANGUAGE_STANDARD = "gnu++14";
				CLANG_CXX_LIBRARY = "libc++";
				CLANG_ENABLE_MODULES = YES;
				CLANG_ENABLE_OBJC_ARC = YES;
				CLANG_ENABLE_OBJC_WEAK = YES;
				CLANG_WARN_BLOCK_CAPTURE_AUTORELEASING = YES;
				CLANG_WARN_BOOL_CONVERSION = YES;
				CLANG_WARN_COMMA = YES;
				CLANG_WARN_CONSTANT_CONVERSION = YES;
				CLANG_WARN_DEPRECATED_OBJC_IMPLEMENTATIONS = YES;
				CLANG_WARN_DIRECT_OBJC_ISA_USAGE = YES_ERROR;
				CLANG_WARN_DOCUMENTATION_COMMENTS = YES;
				CLANG_WARN_EMPTY_BODY = YES;
				CLANG_WARN_ENUM_CONVERSION = YES;
				CLANG_WARN_INFINITE_RECURSION = YES;
				CLANG_WARN_INT_CONVERSION = YES;
				CLANG_WARN_NON_LITERAL_NULL_CONVERSION = YES;
				CLANG_WARN_OBJC_IMPLICIT_RETAIN_SELF = YES;
				CLANG_WARN_OBJC_LITERAL_CONVERSION = YES;
				CLANG_WARN_OBJC_ROOT_CLASS = YES_ERROR;
				CLANG_WARN_RANGE_LOOP_ANALYSIS = YES;
				CLANG_WARN_STRICT_PROTOTYPES = YES;
				CLANG_WARN_SUSPICIOUS_MOVE = YES;
				CLANG_WARN_UNGUARDED_AVAILABILITY = YES_AGGRESSIVE;
				CLANG_WARN_UNREACHABLE_CODE = YES;
				CLANG_WARN__DUPLICATE_METHOD_MATCH = YES;
				COPY_PHASE_STRIP = NO;
				DEBUG_INFORMATION_FORMAT = dwarf;
				ENABLE_STRICT_OBJC_MSGSEND = YES;
				ENABLE_TESTABILITY = YES;
				GCC_C_LANGUAGE_STANDARD = gnu11;
				GCC_DYNAMIC_NO_PIC = NO;
				GCC_NO_COMMON_BLOCKS = YES;
				GCC_OPTIMIZATION_LEVEL = 0;
				GCC_PREPROCESSOR_DEFINITIONS = (
					"DEBUG=1",
					"$(inherited)",
				);
				GCC_WARN_64_TO_32_BIT_CONVERSION = YES;
				GCC_WARN_ABOUT_RETURN_TYPE = YES_ERROR;
				GCC_WARN_UNDECLARED_SELECTOR = YES;
				GCC_WARN_UNINITIALIZED_AUTOS = YES_AGGRESSIVE;
				GCC_WARN_UNUSED_FUNCTION = YES;
				GCC_WARN_UNUSED_VARIABLE = YES;
				IPHONEOS_DEPLOYMENT_TARGET = 13.2;
				MTL_ENABLE_DEBUG_INFO = INCLUDE_SOURCE;
				MTL_FAST_MATH = YES;
				ONLY_ACTIVE_ARCH = YES;
				SDKROOT = iphoneos;
				SWIFT_ACTIVE_COMPILATION_CONDITIONS = DEBUG;
				SWIFT_OPTIMIZATION_LEVEL = "-Onone";
			};
			name = Debug;
		};
		14161614253C958B00068FC4 /* Release */ = {
			isa = XCBuildConfiguration;
			buildSettings = {
				ALWAYS_SEARCH_USER_PATHS = NO;
				CLANG_ANALYZER_NONNULL = YES;
				CLANG_ANALYZER_NUMBER_OBJECT_CONVERSION = YES_AGGRESSIVE;
				CLANG_CXX_LANGUAGE_STANDARD = "gnu++14";
				CLANG_CXX_LIBRARY = "libc++";
				CLANG_ENABLE_MODULES = YES;
				CLANG_ENABLE_OBJC_ARC = YES;
				CLANG_ENABLE_OBJC_WEAK = YES;
				CLANG_WARN_BLOCK_CAPTURE_AUTORELEASING = YES;
				CLANG_WARN_BOOL_CONVERSION = YES;
				CLANG_WARN_COMMA = YES;
				CLANG_WARN_CONSTANT_CONVERSION = YES;
				CLANG_WARN_DEPRECATED_OBJC_IMPLEMENTATIONS = YES;
				CLANG_WARN_DIRECT_OBJC_ISA_USAGE = YES_ERROR;
				CLANG_WARN_DOCUMENTATION_COMMENTS = YES;
				CLANG_WARN_EMPTY_BODY = YES;
				CLANG_WARN_ENUM_CONVERSION = YES;
				CLANG_WARN_INFINITE_RECURSION = YES;
				CLANG_WARN_INT_CONVERSION = YES;
				CLANG_WARN_NON_LITERAL_NULL_CONVERSION = YES;
				CLANG_WARN_OBJC_IMPLICIT_RETAIN_SELF = YES;
				CLANG_WARN_OBJC_LITERAL_CONVERSION = YES;
				CLANG_WARN_OBJC_ROOT_CLASS = YES_ERROR;
				CLANG_WARN_RANGE_LOOP_ANALYSIS = YES;
				CLANG_WARN_STRICT_PROTOTYPES = YES;
				CLANG_WARN_SUSPICIOUS_MOVE = YES;
				CLANG_WARN_UNGUARDED_AVAILABILITY = YES_AGGRESSIVE;
				CLANG_WARN_UNREACHABLE_CODE = YES;
				CLANG_WARN__DUPLICATE_METHOD_MATCH = YES;
				COPY_PHASE_STRIP = NO;
				DEBUG_INFORMATION_FORMAT = "dwarf-with-dsym";
				ENABLE_NS_ASSERTIONS = NO;
				ENABLE_STRICT_OBJC_MSGSEND = YES;
				GCC_C_LANGUAGE_STANDARD = gnu11;
				GCC_NO_COMMON_BLOCKS = YES;
				GCC_WARN_64_TO_32_BIT_CONVERSION = YES;
				GCC_WARN_ABOUT_RETURN_TYPE = YES_ERROR;
				GCC_WARN_UNDECLARED_SELECTOR = YES;
				GCC_WARN_UNINITIALIZED_AUTOS = YES_AGGRESSIVE;
				GCC_WARN_UNUSED_FUNCTION = YES;
				GCC_WARN_UNUSED_VARIABLE = YES;
				IPHONEOS_DEPLOYMENT_TARGET = 13.2;
				MTL_ENABLE_DEBUG_INFO = NO;
				MTL_FAST_MATH = YES;
				SDKROOT = iphoneos;
				SWIFT_COMPILATION_MODE = wholemodule;
				SWIFT_OPTIMIZATION_LEVEL = "-O";
				VALIDATE_PRODUCT = YES;
			};
			name = Release;
		};
		14161616253C958B00068FC4 /* Debug */ = {
			isa = XCBuildConfiguration;
			baseConfigurationReference = F07F577407DEE2F01276929B /* Pods-DigitalPhotographer.debug.xcconfig */;
			buildSettings = {
				ASSETCATALOG_COMPILER_APPICON_NAME = AppIcon;
				CODE_SIGN_STYLE = Automatic;
				INFOPLIST_FILE = DigitalPhotographer/Info.plist;
				LD_RUNPATH_SEARCH_PATHS = (
					"$(inherited)",
					"@executable_path/Frameworks",
				);
				PRODUCT_BUNDLE_IDENTIFIER = org.arbridev.DigitalPhotographer;
				PRODUCT_NAME = "$(TARGET_NAME)";
				SWIFT_VERSION = 5.0;
				TARGETED_DEVICE_FAMILY = "1,2";
			};
			name = Debug;
		};
		14161617253C958B00068FC4 /* Release */ = {
			isa = XCBuildConfiguration;
			baseConfigurationReference = 635357DDC0A181DBD3293D2A /* Pods-DigitalPhotographer.release.xcconfig */;
			buildSettings = {
				ASSETCATALOG_COMPILER_APPICON_NAME = AppIcon;
				CODE_SIGN_STYLE = Automatic;
				INFOPLIST_FILE = DigitalPhotographer/Info.plist;
				LD_RUNPATH_SEARCH_PATHS = (
					"$(inherited)",
					"@executable_path/Frameworks",
				);
				PRODUCT_BUNDLE_IDENTIFIER = org.arbridev.DigitalPhotographer;
				PRODUCT_NAME = "$(TARGET_NAME)";
				SWIFT_VERSION = 5.0;
				TARGETED_DEVICE_FAMILY = "1,2";
			};
			name = Release;
		};
		14161619253C958B00068FC4 /* Debug */ = {
			isa = XCBuildConfiguration;
			baseConfigurationReference = 0FFF64984A45E0A5A5A20F37 /* Pods-DigitalPhotographerTests.debug.xcconfig */;
			buildSettings = {
				ALWAYS_EMBED_SWIFT_STANDARD_LIBRARIES = YES;
				BUNDLE_LOADER = "$(TEST_HOST)";
				CODE_SIGN_STYLE = Automatic;
				INFOPLIST_FILE = DigitalPhotographerTests/Info.plist;
				IPHONEOS_DEPLOYMENT_TARGET = 13.2;
				LD_RUNPATH_SEARCH_PATHS = (
					"$(inherited)",
					"@executable_path/Frameworks",
					"@loader_path/Frameworks",
				);
				PRODUCT_BUNDLE_IDENTIFIER = org.arbridev.DigitalPhotographerTests;
				PRODUCT_NAME = "$(TARGET_NAME)";
				SWIFT_VERSION = 5.0;
				TARGETED_DEVICE_FAMILY = "1,2";
				TEST_HOST = "$(BUILT_PRODUCTS_DIR)/DigitalPhotographer.app/DigitalPhotographer";
			};
			name = Debug;
		};
		1416161A253C958B00068FC4 /* Release */ = {
			isa = XCBuildConfiguration;
			baseConfigurationReference = 71DC7C5FA5ADF67922E485A1 /* Pods-DigitalPhotographerTests.release.xcconfig */;
			buildSettings = {
				ALWAYS_EMBED_SWIFT_STANDARD_LIBRARIES = YES;
				BUNDLE_LOADER = "$(TEST_HOST)";
				CODE_SIGN_STYLE = Automatic;
				INFOPLIST_FILE = DigitalPhotographerTests/Info.plist;
				IPHONEOS_DEPLOYMENT_TARGET = 13.2;
				LD_RUNPATH_SEARCH_PATHS = (
					"$(inherited)",
					"@executable_path/Frameworks",
					"@loader_path/Frameworks",
				);
				PRODUCT_BUNDLE_IDENTIFIER = org.arbridev.DigitalPhotographerTests;
				PRODUCT_NAME = "$(TARGET_NAME)";
				SWIFT_VERSION = 5.0;
				TARGETED_DEVICE_FAMILY = "1,2";
				TEST_HOST = "$(BUILT_PRODUCTS_DIR)/DigitalPhotographer.app/DigitalPhotographer";
			};
			name = Release;
		};
/* End XCBuildConfiguration section */

/* Begin XCConfigurationList section */
		141615F1253C958100068FC4 /* Build configuration list for PBXProject "DigitalPhotographer" */ = {
			isa = XCConfigurationList;
			buildConfigurations = (
				14161613253C958B00068FC4 /* Debug */,
				14161614253C958B00068FC4 /* Release */,
			);
			defaultConfigurationIsVisible = 0;
			defaultConfigurationName = Release;
		};
		14161615253C958B00068FC4 /* Build configuration list for PBXNativeTarget "DigitalPhotographer" */ = {
			isa = XCConfigurationList;
			buildConfigurations = (
				14161616253C958B00068FC4 /* Debug */,
				14161617253C958B00068FC4 /* Release */,
			);
			defaultConfigurationIsVisible = 0;
			defaultConfigurationName = Release;
		};
		14161618253C958B00068FC4 /* Build configuration list for PBXNativeTarget "DigitalPhotographerTests" */ = {
			isa = XCConfigurationList;
			buildConfigurations = (
				14161619253C958B00068FC4 /* Debug */,
				1416161A253C958B00068FC4 /* Release */,
			);
			defaultConfigurationIsVisible = 0;
			defaultConfigurationName = Release;
		};
/* End XCConfigurationList section */
	};
	rootObject = 141615EE253C958100068FC4 /* Project object */;
}
